
Microsoft Visual Studio Solution File, Format Version 12.00
# Visual Studio 15
VisualStudioVersion = 15.0.33026.149
MinimumVisualStudioVersion = 10.0.40219.1
Project("{FAE04EC0-301F-11D3-BF4B-00C04F79EFBC}") = "Serial_CM", "Serial_CM\Serial_CM.csproj", "{6CD2A211-2EF5-4251-85B5-0F485A801A88}"
EndProject
Global
	GlobalSection(SolutionConfigurationPlatforms) = preSolution
		Debug|Any CPU = Debug|Any CPU
		Release|Any CPU = Release|Any CPU
	EndGlobalSection
	GlobalSection(ProjectConfigurationPlatforms) = postSolution
		{6CD2A211-2EF5-4251-85B5-0F485A801A88}.Debug|Any CPU.ActiveCfg = Debug|Any CPU
		{6CD2A211-2EF5-4251-85B5-0F485A801A88}.Debug|Any CPU.Build.0 = Debug|Any CPU
		{6CD2A211-2EF5-4251-85B5-0F485A801A88}.Release|Any CPU.ActiveCfg = Release|Any CPU
		{6CD2A211-2EF5-4251-85B5-0F485A801A88}.Release|Any CPU.Build.0 = Release|Any CPU
	EndGlobalSection
	GlobalSection(SolutionProperties) = preSolution
		HideSolutionNode = FALSE
	EndGlobalSection
	GlobalSection(ExtensibilityGlobals) = postSolution
		SolutionGuid = {5DF99628-B1B2-45DA-B50A-CB1B3B71A95B}
	EndGlobalSection
EndGlobal
