
Microsoft Visual Studio Solution File, Format Version 12.00
# Visual Studio Version 17
VisualStudioVersion = 17.4.33213.308
MinimumVisualStudioVersion = 10.0.40219.1
Project("{FAE04EC0-301F-11D3-BF4B-00C04F79EFBC}") = "XLA_prj02", "XLA_prj02\XLA_prj02.csproj", "{9CB2F2E4-A0D1-4C7C-8E5B-F817E8E81346}"
EndProject
Global
	GlobalSection(SolutionConfigurationPlatforms) = preSolution
		Debug|Any CPU = Debug|Any CPU
		Release|Any CPU = Release|Any CPU
	EndGlobalSection
	GlobalSection(ProjectConfigurationPlatforms) = postSolution
		{9CB2F2E4-A0D1-4C7C-8E5B-F817E8E81346}.Debug|Any CPU.ActiveCfg = Debug|Any CPU
		{9CB2F2E4-A0D1-4C7C-8E5B-F817E8E81346}.Debug|Any CPU.Build.0 = Debug|Any CPU
		{9CB2F2E4-A0D1-4C7C-8E5B-F817E8E81346}.Release|Any CPU.ActiveCfg = Release|Any CPU
		{9CB2F2E4-A0D1-4C7C-8E5B-F817E8E81346}.Release|Any CPU.Build.0 = Release|Any CPU
	EndGlobalSection
	GlobalSection(SolutionProperties) = preSolution
		HideSolutionNode = FALSE
	EndGlobalSection
	GlobalSection(ExtensibilityGlobals) = postSolution
		SolutionGuid = {43A66CA9-6A5F-4110-8303-6845BC9F21A4}
	EndGlobalSection
EndGlobal
