
Microsoft Visual Studio Solution File, Format Version 12.00
# Visual Studio Version 17
VisualStudioVersion = 17.4.33213.308
MinimumVisualStudioVersion = 10.0.40219.1
Project("{FAE04EC0-301F-11D3-BF4B-00C04F79EFBC}") = "WindowsFormsApp1", "WindowsFormsApp1\WindowsFormsApp1.csproj", "{9BDDD2CA-8C11-4F92-AD90-D365E340388D}"
EndProject
Global
	GlobalSection(SolutionConfigurationPlatforms) = preSolution
		Debug|Any CPU = Debug|Any CPU
		Release|Any CPU = Release|Any CPU
	EndGlobalSection
	GlobalSection(ProjectConfigurationPlatforms) = postSolution
		{9BDDD2CA-8C11-4F92-AD90-D365E340388D}.Debug|Any CPU.ActiveCfg = Debug|Any CPU
		{9BDDD2CA-8C11-4F92-AD90-D365E340388D}.Debug|Any CPU.Build.0 = Debug|Any CPU
		{9BDDD2CA-8C11-4F92-AD90-D365E340388D}.Release|Any CPU.ActiveCfg = Release|Any CPU
		{9BDDD2CA-8C11-4F92-AD90-D365E340388D}.Release|Any CPU.Build.0 = Release|Any CPU
	EndGlobalSection
	GlobalSection(SolutionProperties) = preSolution
		HideSolutionNode = FALSE
	EndGlobalSection
	GlobalSection(ExtensibilityGlobals) = postSolution
		SolutionGuid = {546D270C-1FCE-407D-8ED4-919151239AFB}
	EndGlobalSection
EndGlobal
