
Microsoft Visual Studio Solution File, Format Version 12.00
# Visual Studio Version 17
VisualStudioVersion = 17.4.33213.308
MinimumVisualStudioVersion = 10.0.40219.1
Project("{FAE04EC0-301F-11D3-BF4B-00C04F79EFBC}") = "serial port", "serial port\serial port.csproj", "{8D34AA62-68BD-41DB-B936-F92484131AD5}"
EndProject
Global
	GlobalSection(SolutionConfigurationPlatforms) = preSolution
		Debug|Any CPU = Debug|Any CPU
		Release|Any CPU = Release|Any CPU
	EndGlobalSection
	GlobalSection(ProjectConfigurationPlatforms) = postSolution
		{8D34AA62-68BD-41DB-B936-F92484131AD5}.Debug|Any CPU.ActiveCfg = Debug|Any CPU
		{8D34AA62-68BD-41DB-B936-F92484131AD5}.Debug|Any CPU.Build.0 = Debug|Any CPU
		{8D34AA62-68BD-41DB-B936-F92484131AD5}.Release|Any CPU.ActiveCfg = Release|Any CPU
		{8D34AA62-68BD-41DB-B936-F92484131AD5}.Release|Any CPU.Build.0 = Release|Any CPU
	EndGlobalSection
	GlobalSection(SolutionProperties) = preSolution
		HideSolutionNode = FALSE
	EndGlobalSection
	GlobalSection(ExtensibilityGlobals) = postSolution
		SolutionGuid = {D7249A3F-A8DA-4CBF-8383-3DEB5BAAFF5F}
	EndGlobalSection
EndGlobal
